// !$*UTF8*$!
{
	archiveVersion = 1;
	classes = {
	};
	objectVersion = 50;
	objects = {

/* Begin PBXBuildFile section */
		1F06D222258E6A0C00741634 /* AppDelegate.swift in Sources */ = {isa = PBXBuildFile; fileRef = 1F06D221258E6A0C00741634 /* AppDelegate.swift */; };
		1F06D224258E6A0C00741634 /* SceneDelegate.swift in Sources */ = {isa = PBXBuildFile; fileRef = 1F06D223258E6A0C00741634 /* SceneDelegate.swift */; };
		1F06D226258E6A0C00741634 /* ViewController.swift in Sources */ = {isa = PBXBuildFile; fileRef = 1F06D225258E6A0C00741634 /* ViewController.swift */; };
		1F06D229258E6A0C00741634 /* Main.storyboard in Resources */ = {isa = PBXBuildFile; fileRef = 1F06D227258E6A0C00741634 /* Main.storyboard */; };
		1F06D22B258E6A0D00741634 /* Assets.xcassets in Resources */ = {isa = PBXBuildFile; fileRef = 1F06D22A258E6A0D00741634 /* Assets.xcassets */; };
		1F06D22E258E6A0D00741634 /* LaunchScreen.storyboard in Resources */ = {isa = PBXBuildFile; fileRef = 1F06D22C258E6A0D00741634 /* LaunchScreen.storyboard */; };
		1F20A574258EA3C700DFA627 /* BaseReusableView.swift in Sources */ = {isa = PBXBuildFile; fileRef = 1F20A573258EA3C700DFA627 /* BaseReusableView.swift */; };
		1F20A577258EA40900DFA627 /* MenuToggleView.swift in Sources */ = {isa = PBXBuildFile; fileRef = 1F20A576258EA40900DFA627 /* MenuToggleView.swift */; };
		1F20A57B258EA53500DFA627 /* MenuToggleView.xib in Resources */ = {isa = PBXBuildFile; fileRef = 1F20A57A258EA53500DFA627 /* MenuToggleView.xib */; };
		1F24F5F92591A88400610FE8 /* TransparentCell.swift in Sources */ = {isa = PBXBuildFile; fileRef = 1F24F5F82591A88400610FE8 /* TransparentCell.swift */; };
		1F27A91025918DCC003C9F37 /* BurgerTableHeader.swift in Sources */ = {isa = PBXBuildFile; fileRef = 1F27A90F25918DCC003C9F37 /* BurgerTableHeader.swift */; };
		1F27A91825918E9D003C9F37 /* BurgerTableHeader.xib in Resources */ = {isa = PBXBuildFile; fileRef = 1F27A91725918E9D003C9F37 /* BurgerTableHeader.xib */; };
		1F2B39C8258FFA180010391F /* BurgerTableController.swift in Sources */ = {isa = PBXBuildFile; fileRef = 1F2B39C7258FFA180010391F /* BurgerTableController.swift */; };
		1F2B39CD258FFAC50010391F /* BurgerTableCell.swift in Sources */ = {isa = PBXBuildFile; fileRef = 1F2B39CB258FFAC50010391F /* BurgerTableCell.swift */; };
		1F2B39CE258FFAC50010391F /* BurgerTableCell.xib in Resources */ = {isa = PBXBuildFile; fileRef = 1F2B39CC258FFAC50010391F /* BurgerTableCell.xib */; };
/* End PBXBuildFile section */

/* Begin PBXFileReference section */
		1F06D21E258E6A0C00741634 /* BurgerMenu.app */ = {isa = PBXFileReference; explicitFileType = wrapper.application; includeInIndex = 0; path = BurgerMenu.app; sourceTree = BUILT_PRODUCTS_DIR; };
		1F06D221258E6A0C00741634 /* AppDelegate.swift */ = {isa = PBXFileReference; lastKnownFileType = sourcecode.swift; path = AppDelegate.swift; sourceTree = "<group>"; };
		1F06D223258E6A0C00741634 /* SceneDelegate.swift */ = {isa = PBXFileReference; lastKnownFileType = sourcecode.swift; path = SceneDelegate.swift; sourceTree = "<group>"; };
		1F06D225258E6A0C00741634 /* ViewController.swift */ = {isa = PBXFileReference; lastKnownFileType = sourcecode.swift; path = ViewController.swift; sourceTree = "<group>"; };
		1F06D228258E6A0C00741634 /* Base */ = {isa = PBXFileReference; lastKnownFileType = file.storyboard; name = Base; path = Base.lproj/Main.storyboard; sourceTree = "<group>"; };
		1F06D22A258E6A0D00741634 /* Assets.xcassets */ = {isa = PBXFileReference; lastKnownFileType = folder.assetcatalog; path = Assets.xcassets; sourceTree = "<group>"; };
		1F06D22D258E6A0D00741634 /* Base */ = {isa = PBXFileReference; lastKnownFileType = file.storyboard; name = Base; path = Base.lproj/LaunchScreen.storyboard; sourceTree = "<group>"; };
		1F06D22F258E6A0D00741634 /* Info.plist */ = {isa = PBXFileReference; lastKnownFileType = text.plist.xml; path = Info.plist; sourceTree = "<group>"; };
		1F20A573258EA3C700DFA627 /* BaseReusableView.swift */ = {isa = PBXFileReference; lastKnownFileType = sourcecode.swift; path = BaseReusableView.swift; sourceTree = "<group>"; };
		1F20A576258EA40900DFA627 /* MenuToggleView.swift */ = {isa = PBXFileReference; lastKnownFileType = sourcecode.swift; path = MenuToggleView.swift; sourceTree = "<group>"; };
		1F20A57A258EA53500DFA627 /* MenuToggleView.xib */ = {isa = PBXFileReference; lastKnownFileType = file.xib; path = MenuToggleView.xib; sourceTree = "<group>"; };
		1F24F5F82591A88400610FE8 /* TransparentCell.swift */ = {isa = PBXFileReference; lastKnownFileType = sourcecode.swift; path = TransparentCell.swift; sourceTree = "<group>"; };
		1F27A90F25918DCC003C9F37 /* BurgerTableHeader.swift */ = {isa = PBXFileReference; lastKnownFileType = sourcecode.swift; path = BurgerTableHeader.swift; sourceTree = "<group>"; };
		1F27A91725918E9D003C9F37 /* BurgerTableHeader.xib */ = {isa = PBXFileReference; lastKnownFileType = file.xib; path = BurgerTableHeader.xib; sourceTree = "<group>"; };
		1F2B39C7258FFA180010391F /* BurgerTableController.swift */ = {isa = PBXFileReference; lastKnownFileType = sourcecode.swift; path = BurgerTableController.swift; sourceTree = "<group>"; };
		1F2B39CB258FFAC50010391F /* BurgerTableCell.swift */ = {isa = PBXFileReference; lastKnownFileType = sourcecode.swift; path = BurgerTableCell.swift; sourceTree = "<group>"; };
		1F2B39CC258FFAC50010391F /* BurgerTableCell.xib */ = {isa = PBXFileReference; lastKnownFileType = file.xib; path = BurgerTableCell.xib; sourceTree = "<group>"; };
/* End PBXFileReference section */

/* Begin PBXFrameworksBuildPhase section */
		1F06D21B258E6A0C00741634 /* Frameworks */ = {
			isa = PBXFrameworksBuildPhase;
			buildActionMask = 2147483647;
			files = (
			);
			runOnlyForDeploymentPostprocessing = 0;
		};
/* End PBXFrameworksBuildPhase section */

/* Begin PBXGroup section */
		1F06D215258E6A0C00741634 = {
			isa = PBXGroup;
			children = (
				1F06D220258E6A0C00741634 /* BurgerMenu */,
				1F06D21F258E6A0C00741634 /* Products */,
			);
			sourceTree = "<group>";
		};
		1F06D21F258E6A0C00741634 /* Products */ = {
			isa = PBXGroup;
			children = (
				1F06D21E258E6A0C00741634 /* BurgerMenu.app */,
			);
			name = Products;
			sourceTree = "<group>";
		};
		1F06D220258E6A0C00741634 /* BurgerMenu */ = {
			isa = PBXGroup;
			children = (
				1F2B39C2258FF9AF0010391F /* Controllers */,
				1F06D236258E6A7100741634 /* Views */,
				1F06D221258E6A0C00741634 /* AppDelegate.swift */,
				1F06D223258E6A0C00741634 /* SceneDelegate.swift */,
				1F06D227258E6A0C00741634 /* Main.storyboard */,
				1F06D22A258E6A0D00741634 /* Assets.xcassets */,
				1F06D22C258E6A0D00741634 /* LaunchScreen.storyboard */,
				1F06D22F258E6A0D00741634 /* Info.plist */,
			);
			path = BurgerMenu;
			sourceTree = "<group>";
		};
		1F06D236258E6A7100741634 /* Views */ = {
			isa = PBXGroup;
			children = (
				1F20A573258EA3C700DFA627 /* BaseReusableView.swift */,
				1F06D238258E6BB800741634 /* MenuToggleView */,
			);
			path = Views;
			sourceTree = "<group>";
		};
		1F06D238258E6BB800741634 /* MenuToggleView */ = {
			isa = PBXGroup;
			children = (
				1F20A576258EA40900DFA627 /* MenuToggleView.swift */,
				1F20A57A258EA53500DFA627 /* MenuToggleView.xib */,
			);
			path = MenuToggleView;
			sourceTree = "<group>";
		};
		1F27A90E25918CBB003C9F37 /* Headers */ = {
			isa = PBXGroup;
			children = (
				1F27A90F25918DCC003C9F37 /* BurgerTableHeader.swift */,
				1F27A91725918E9D003C9F37 /* BurgerTableHeader.xib */,
			);
			path = Headers;
			sourceTree = "<group>";
		};
		1F2B39C2258FF9AF0010391F /* Controllers */ = {
			isa = PBXGroup;
			children = (
				1F06D225258E6A0C00741634 /* ViewController.swift */,
				1F2B39C3258FF9C70010391F /* BurgerTable */,
			);
			path = Controllers;
			sourceTree = "<group>";
		};
		1F2B39C3258FF9C70010391F /* BurgerTable */ = {
			isa = PBXGroup;
			children = (
				1F2B39C7258FFA180010391F /* BurgerTableController.swift */,
				1F27A90E25918CBB003C9F37 /* Headers */,
				1F2B39D1258FFC0A0010391F /* Cells */,
			);
			path = BurgerTable;
			sourceTree = "<group>";
		};
		1F2B39D1258FFC0A0010391F /* Cells */ = {
			isa = PBXGroup;
			children = (
				1F2B39CB258FFAC50010391F /* BurgerTableCell.swift */,
				1F2B39CC258FFAC50010391F /* BurgerTableCell.xib */,
				1F24F5F82591A88400610FE8 /* TransparentCell.swift */,
			);
			path = Cells;
			sourceTree = "<group>";
		};
/* End PBXGroup section */

/* Begin PBXNativeTarget section */
		1F06D21D258E6A0C00741634 /* BurgerMenu */ = {
			isa = PBXNativeTarget;
			buildConfigurationList = 1F06D232258E6A0D00741634 /* Build configuration list for PBXNativeTarget "BurgerMenu" */;
			buildPhases = (
				1F06D21A258E6A0C00741634 /* Sources */,
				1F06D21B258E6A0C00741634 /* Frameworks */,
				1F06D21C258E6A0C00741634 /* Resources */,
			);
			buildRules = (
			);
			dependencies = (
			);
			name = BurgerMenu;
			productName = BurgerMenu;
			productReference = 1F06D21E258E6A0C00741634 /* BurgerMenu.app */;
			productType = "com.apple.product-type.application";
		};
/* End PBXNativeTarget section */

/* Begin PBXProject section */
		1F06D216258E6A0C00741634 /* Project object */ = {
			isa = PBXProject;
			attributes = {
				LastSwiftUpdateCheck = 1210;
				LastUpgradeCheck = 1210;
				TargetAttributes = {
					1F06D21D258E6A0C00741634 = {
						CreatedOnToolsVersion = 12.1;
					};
				};
			};
			buildConfigurationList = 1F06D219258E6A0C00741634 /* Build configuration list for PBXProject "BurgerMenu" */;
			compatibilityVersion = "Xcode 9.3";
			developmentRegion = en;
			hasScannedForEncodings = 0;
			knownRegions = (
				en,
				Base,
			);
			mainGroup = 1F06D215258E6A0C00741634;
			productRefGroup = 1F06D21F258E6A0C00741634 /* Products */;
			projectDirPath = "";
			projectRoot = "";
			targets = (
				1F06D21D258E6A0C00741634 /* BurgerMenu */,
			);
		};
/* End PBXProject section */

/* Begin PBXResourcesBuildPhase section */
		1F06D21C258E6A0C00741634 /* Resources */ = {
			isa = PBXResourcesBuildPhase;
			buildActionMask = 2147483647;
			files = (
				1F20A57B258EA53500DFA627 /* MenuToggleView.xib in Resources */,
				1F06D22E258E6A0D00741634 /* LaunchScreen.storyboard in Resources */,
				1F2B39CE258FFAC50010391F /* BurgerTableCell.xib in Resources */,
				1F06D22B258E6A0D00741634 /* Assets.xcassets in Resources */,
				1F06D229258E6A0C00741634 /* Main.storyboard in Resources */,
				1F27A91825918E9D003C9F37 /* BurgerTableHeader.xib in Resources */,
			);
			runOnlyForDeploymentPostprocessing = 0;
		};
/* End PBXResourcesBuildPhase section */

/* Begin PBXSourcesBuildPhase section */
		1F06D21A258E6A0C00741634 /* Sources */ = {
			isa = PBXSourcesBuildPhase;
			buildActionMask = 2147483647;
			files = (
				1F24F5F92591A88400610FE8 /* TransparentCell.swift in Sources */,
				1F06D226258E6A0C00741634 /* ViewController.swift in Sources */,
				1F06D222258E6A0C00741634 /* AppDelegate.swift in Sources */,
				1F20A574258EA3C700DFA627 /* BaseReusableView.swift in Sources */,
				1F06D224258E6A0C00741634 /* SceneDelegate.swift in Sources */,
				1F2B39CD258FFAC50010391F /* BurgerTableCell.swift in Sources */,
				1F2B39C8258FFA180010391F /* BurgerTableController.swift in Sources */,
				1F27A91025918DCC003C9F37 /* BurgerTableHeader.swift in Sources */,
				1F20A577258EA40900DFA627 /* MenuToggleView.swift in Sources */,
			);
			runOnlyForDeploymentPostprocessing = 0;
		};
/* End PBXSourcesBuildPhase section */

/* Begin PBXVariantGroup section */
		1F06D227258E6A0C00741634 /* Main.storyboard */ = {
			isa = PBXVariantGroup;
			children = (
				1F06D228258E6A0C00741634 /* Base */,
			);
			name = Main.storyboard;
			sourceTree = "<group>";
		};
		1F06D22C258E6A0D00741634 /* LaunchScreen.storyboard */ = {
			isa = PBXVariantGroup;
			children = (
				1F06D22D258E6A0D00741634 /* Base */,
			);
			name = LaunchScreen.storyboard;
			sourceTree = "<group>";
		};
/* End PBXVariantGroup section */

/* Begin XCBuildConfiguration section */
		1F06D230258E6A0D00741634 /* Debug */ = {
			isa = XCBuildConfiguration;
			buildSettings = {
				ALWAYS_SEARCH_USER_PATHS = NO;
				CLANG_ANALYZER_NONNULL = YES;
				CLANG_ANALYZER_NUMBER_OBJECT_CONVERSION = YES_AGGRESSIVE;
				CLANG_CXX_LANGUAGE_STANDARD = "gnu++14";
				CLANG_CXX_LIBRARY = "libc++";
				CLANG_ENABLE_MODULES = YES;
				CLANG_ENABLE_OBJC_ARC = YES;
				CLANG_ENABLE_OBJC_WEAK = YES;
				CLANG_WARN_BLOCK_CAPTURE_AUTORELEASING = YES;
				CLANG_WARN_BOOL_CONVERSION = YES;
				CLANG_WARN_COMMA = YES;
				CLANG_WARN_CONSTANT_CONVERSION = YES;
				CLANG_WARN_DEPRECATED_OBJC_IMPLEMENTATIONS = YES;
				CLANG_WARN_DIRECT_OBJC_ISA_USAGE = YES_ERROR;
				CLANG_WARN_DOCUMENTATION_COMMENTS = YES;
				CLANG_WARN_EMPTY_BODY = YES;
				CLANG_WARN_ENUM_CONVERSION = YES;
				CLANG_WARN_INFINITE_RECURSION = YES;
				CLANG_WARN_INT_CONVERSION = YES;
				CLANG_WARN_NON_LITERAL_NULL_CONVERSION = YES;
				CLANG_WARN_OBJC_IMPLICIT_RETAIN_SELF = YES;
				CLANG_WARN_OBJC_LITERAL_CONVERSION = YES;
				CLANG_WARN_OBJC_ROOT_CLASS = YES_ERROR;
				CLANG_WARN_QUOTED_INCLUDE_IN_FRAMEWORK_HEADER = YES;
				CLANG_WARN_RANGE_LOOP_ANALYSIS = YES;
				CLANG_WARN_STRICT_PROTOTYPES = YES;
				CLANG_WARN_SUSPICIOUS_MOVE = YES;
				CLANG_WARN_UNGUARDED_AVAILABILITY = YES_AGGRESSIVE;
				CLANG_WARN_UNREACHABLE_CODE = YES;
				CLANG_WARN__DUPLICATE_METHOD_MATCH = YES;
				COPY_PHASE_STRIP = NO;
				DEBUG_INFORMATION_FORMAT = dwarf;
				ENABLE_STRICT_OBJC_MSGSEND = YES;
				ENABLE_TESTABILITY = YES;
				GCC_C_LANGUAGE_STANDARD = gnu11;
				GCC_DYNAMIC_NO_PIC = NO;
				GCC_NO_COMMON_BLOCKS = YES;
				GCC_OPTIMIZATION_LEVEL = 0;
				GCC_PREPROCESSOR_DEFINITIONS = (
					"DEBUG=1",
					"$(inherited)",
				);
				GCC_WARN_64_TO_32_BIT_CONVERSION = YES;
				GCC_WARN_ABOUT_RETURN_TYPE = YES_ERROR;
				GCC_WARN_UNDECLARED_SELECTOR = YES;
				GCC_WARN_UNINITIALIZED_AUTOS = YES_AGGRESSIVE;
				GCC_WARN_UNUSED_FUNCTION = YES;
				GCC_WARN_UNUSED_VARIABLE = YES;
				IPHONEOS_DEPLOYMENT_TARGET = 14.1;
				MTL_ENABLE_DEBUG_INFO = INCLUDE_SOURCE;
				MTL_FAST_MATH = YES;
				ONLY_ACTIVE_ARCH = YES;
				SDKROOT = iphoneos;
				SWIFT_ACTIVE_COMPILATION_CONDITIONS = DEBUG;
				SWIFT_OPTIMIZATION_LEVEL = "-Onone";
			};
			name = Debug;
		};
		1F06D231258E6A0D00741634 /* Release */ = {
			isa = XCBuildConfiguration;
			buildSettings = {
				ALWAYS_SEARCH_USER_PATHS = NO;
				CLANG_ANALYZER_NONNULL = YES;
				CLANG_ANALYZER_NUMBER_OBJECT_CONVERSION = YES_AGGRESSIVE;
				CLANG_CXX_LANGUAGE_STANDARD = "gnu++14";
				CLANG_CXX_LIBRARY = "libc++";
				CLANG_ENABLE_MODULES = YES;
				CLANG_ENABLE_OBJC_ARC = YES;
				CLANG_ENABLE_OBJC_WEAK = YES;
				CLANG_WARN_BLOCK_CAPTURE_AUTORELEASING = YES;
				CLANG_WARN_BOOL_CONVERSION = YES;
				CLANG_WARN_COMMA = YES;
				CLANG_WARN_CONSTANT_CONVERSION = YES;
				CLANG_WARN_DEPRECATED_OBJC_IMPLEMENTATIONS = YES;
				CLANG_WARN_DIRECT_OBJC_ISA_USAGE = YES_ERROR;
				CLANG_WARN_DOCUMENTATION_COMMENTS = YES;
				CLANG_WARN_EMPTY_BODY = YES;
				CLANG_WARN_ENUM_CONVERSION = YES;
				CLANG_WARN_INFINITE_RECURSION = YES;
				CLANG_WARN_INT_CONVERSION = YES;
				CLANG_WARN_NON_LITERAL_NULL_CONVERSION = YES;
				CLANG_WARN_OBJC_IMPLICIT_RETAIN_SELF = YES;
				CLANG_WARN_OBJC_LITERAL_CONVERSION = YES;
				CLANG_WARN_OBJC_ROOT_CLASS = YES_ERROR;
				CLANG_WARN_QUOTED_INCLUDE_IN_FRAMEWORK_HEADER = YES;
				CLANG_WARN_RANGE_LOOP_ANALYSIS = YES;
				CLANG_WARN_STRICT_PROTOTYPES = YES;
				CLANG_WARN_SUSPICIOUS_MOVE = YES;
				CLANG_WARN_UNGUARDED_AVAILABILITY = YES_AGGRESSIVE;
				CLANG_WARN_UNREACHABLE_CODE = YES;
				CLANG_WARN__DUPLICATE_METHOD_MATCH = YES;
				COPY_PHASE_STRIP = NO;
				DEBUG_INFORMATION_FORMAT = "dwarf-with-dsym";
				ENABLE_NS_ASSERTIONS = NO;
				ENABLE_STRICT_OBJC_MSGSEND = YES;
				GCC_C_LANGUAGE_STANDARD = gnu11;
				GCC_NO_COMMON_BLOCKS = YES;
				GCC_WARN_64_TO_32_BIT_CONVERSION = YES;
				GCC_WARN_ABOUT_RETURN_TYPE = YES_ERROR;
				GCC_WARN_UNDECLARED_SELECTOR = YES;
				GCC_WARN_UNINITIALIZED_AUTOS = YES_AGGRESSIVE;
				GCC_WARN_UNUSED_FUNCTION = YES;
				GCC_WARN_UNUSED_VARIABLE = YES;
				IPHONEOS_DEPLOYMENT_TARGET = 14.1;
				MTL_ENABLE_DEBUG_INFO = NO;
				MTL_FAST_MATH = YES;
				SDKROOT = iphoneos;
				SWIFT_COMPILATION_MODE = wholemodule;
				SWIFT_OPTIMIZATION_LEVEL = "-O";
				VALIDATE_PRODUCT = YES;
			};
			name = Release;
		};
		1F06D233258E6A0D00741634 /* Debug */ = {
			isa = XCBuildConfiguration;
			buildSettings = {
				ASSETCATALOG_COMPILER_APPICON_NAME = AppIcon;
				ASSETCATALOG_COMPILER_GLOBAL_ACCENT_COLOR_NAME = AccentColor;
				CODE_SIGN_STYLE = Automatic;
				DEVELOPMENT_TEAM = 84KN8K9A66;
				INFOPLIST_FILE = BurgerMenu/Info.plist;
				LD_RUNPATH_SEARCH_PATHS = (
					"$(inherited)",
					"@executable_path/Frameworks",
				);
				PRODUCT_BUNDLE_IDENTIFIER = freeuni.BurgerMenu;
				PRODUCT_NAME = "$(TARGET_NAME)";
				SWIFT_VERSION = 5.0;
				TARGETED_DEVICE_FAMILY = "1,2";
			};
			name = Debug;
		};
		1F06D234258E6A0D00741634 /* Release */ = {
			isa = XCBuildConfiguration;
			buildSettings = {
				ASSETCATALOG_COMPILER_APPICON_NAME = AppIcon;
				ASSETCATALOG_COMPILER_GLOBAL_ACCENT_COLOR_NAME = AccentColor;
				CODE_SIGN_STYLE = Automatic;
				DEVELOPMENT_TEAM = 84KN8K9A66;
				INFOPLIST_FILE = BurgerMenu/Info.plist;
				LD_RUNPATH_SEARCH_PATHS = (
					"$(inherited)",
					"@executable_path/Frameworks",
				);
				PRODUCT_BUNDLE_IDENTIFIER = freeuni.BurgerMenu;
				PRODUCT_NAME = "$(TARGET_NAME)";
				SWIFT_VERSION = 5.0;
				TARGETED_DEVICE_FAMILY = "1,2";
			};
			name = Release;
		};
/* End XCBuildConfiguration section */

/* Begin XCConfigurationList section */
		1F06D219258E6A0C00741634 /* Build configuration list for PBXProject "BurgerMenu" */ = {
			isa = XCConfigurationList;
			buildConfigurations = (
				1F06D230258E6A0D00741634 /* Debug */,
				1F06D231258E6A0D00741634 /* Release */,
			);
			defaultConfigurationIsVisible = 0;
			defaultConfigurationName = Release;
		};
		1F06D232258E6A0D00741634 /* Build configuration list for PBXNativeTarget "BurgerMenu" */ = {
			isa = XCConfigurationList;
			buildConfigurations = (
				1F06D233258E6A0D00741634 /* Debug */,
				1F06D234258E6A0D00741634 /* Release */,
			);
			defaultConfigurationIsVisible = 0;
			defaultConfigurationName = Release;
		};
/* End XCConfigurationList section */
	};
	rootObject = 1F06D216258E6A0C00741634 /* Project object */;
}
